
Microsoft Visual Studio Solution File, Format Version 12.00
# Visual Studio Version 17
VisualStudioVersion = 17.3.32804.467
MinimumVisualStudioVersion = 10.0.40219.1
Project("{9A19103F-16F7-4668-BE54-9A1E7A4F7556}") = "ManagmentStudio.Cleant", "ManagmentStudio.Cleant\ManagmentStudio.Cleant.csproj", "{602ED693-1127-40FF-BC8B-6349C7B295F8}"
EndProject
Project("{9A19103F-16F7-4668-BE54-9A1E7A4F7556}") = "ManagmentStudio.Server", "ManagmentStudio.Server\ManagmentStudio.Server.csproj", "{88BE597E-F546-41ED-B3E4-4CD3F618ED22}"
EndProject
Project("{9A19103F-16F7-4668-BE54-9A1E7A4F7556}") = "ManagmentStudio.Shared", "ManagmentStudio.Shared\ManagmentStudio.Shared.csproj", "{43A6EB84-869B-481D-BBDE-B3F6B11BDAB2}"
EndProject
Global
	GlobalSection(SolutionConfigurationPlatforms) = preSolution
		Debug|Any CPU = Debug|Any CPU
		Release|Any CPU = Release|Any CPU
	EndGlobalSection
	GlobalSection(ProjectConfigurationPlatforms) = postSolution
		{602ED693-1127-40FF-BC8B-6349C7B295F8}.Debug|Any CPU.ActiveCfg = Debug|Any CPU
		{602ED693-1127-40FF-BC8B-6349C7B295F8}.Debug|Any CPU.Build.0 = Debug|Any CPU
		{602ED693-1127-40FF-BC8B-6349C7B295F8}.Release|Any CPU.ActiveCfg = Release|Any CPU
		{602ED693-1127-40FF-BC8B-6349C7B295F8}.Release|Any CPU.Build.0 = Release|Any CPU
		{88BE597E-F546-41ED-B3E4-4CD3F618ED22}.Debug|Any CPU.ActiveCfg = Debug|Any CPU
		{88BE597E-F546-41ED-B3E4-4CD3F618ED22}.Debug|Any CPU.Build.0 = Debug|Any CPU
		{88BE597E-F546-41ED-B3E4-4CD3F618ED22}.Release|Any CPU.ActiveCfg = Release|Any CPU
		{88BE597E-F546-41ED-B3E4-4CD3F618ED22}.Release|Any CPU.Build.0 = Release|Any CPU
		{43A6EB84-869B-481D-BBDE-B3F6B11BDAB2}.Debug|Any CPU.ActiveCfg = Debug|Any CPU
		{43A6EB84-869B-481D-BBDE-B3F6B11BDAB2}.Debug|Any CPU.Build.0 = Debug|Any CPU
		{43A6EB84-869B-481D-BBDE-B3F6B11BDAB2}.Release|Any CPU.ActiveCfg = Release|Any CPU
		{43A6EB84-869B-481D-BBDE-B3F6B11BDAB2}.Release|Any CPU.Build.0 = Release|Any CPU
	EndGlobalSection
	GlobalSection(SolutionProperties) = preSolution
		HideSolutionNode = FALSE
	EndGlobalSection
	GlobalSection(ExtensibilityGlobals) = postSolution
		SolutionGuid = {5C6967FA-305A-41F8-A649-2A30853782E2}
	EndGlobalSection
EndGlobal
